# Written by slopium. Do not edit by hand.
version = 2

[[package]]
name = "consumer"
version = "0.1.0"
source = "path+."
dependencies = [
    "geometry",
    "std",
]

[[package]]
name = "core"
version = "0.7.3"
source = "toolchain"
checksum = "ee7745121b8543eefa5ad0ac93f61fa2340e5041e8e15f5fa115cb2131f03d6f"
dependencies = []

[[package]]
name = "geometry"
version = "1.0.0"
source = "registry+../registry"
checksum = "d1eeede41bb394e313f1687c350abfaca5b086551f943ea1daef8fa4b6a68a3e"
dependencies = []

[[package]]
name = "std"
version = "0.7.3"
source = "toolchain"
checksum = "e0e8ebc4b163f68606890154f64c9f8ec7df436a2e41e99afa5661d939289917"
dependencies = [
    "core",
]
