# Written by slopium. Do not edit by hand.
version = 2

[[package]]
name = "consumer"
version = "0.1.0"
source = "path+."
dependencies = [
    "geometry",
    "std",
]

[[package]]
name = "core"
version = "0.9.1"
source = "toolchain"
checksum = "6d9fc56d7da78ad275ec2bd99c2a99d637f574945c970acd8f5be6c92a9fea86"
dependencies = []

[[package]]
name = "geometry"
version = "1.0.0"
source = "registry+../registry"
checksum = "d1eeede41bb394e313f1687c350abfaca5b086551f943ea1daef8fa4b6a68a3e"
dependencies = []

[[package]]
name = "std"
version = "0.9.1"
source = "toolchain"
checksum = "9c7c2492f990f8f4258231a724ebfa858c806d3f9275f030dd3203b94efe03a4"
dependencies = [
    "core",
]
