# Written by slopium. Do not edit by hand.
version = 2

[[package]]
name = "consumer"
version = "0.1.0"
source = "path+."
dependencies = [
    "geometry",
    "std",
]

[[package]]
name = "core"
version = "0.14.0"
source = "toolchain"
checksum = "eade31b3a55e021141f535f2080d996c1e74f350240222022e0a25a8f33f0007"
dependencies = []

[[package]]
name = "geometry"
version = "1.0.0"
source = "registry+../registry"
checksum = "d1eeede41bb394e313f1687c350abfaca5b086551f943ea1daef8fa4b6a68a3e"
dependencies = []

[[package]]
name = "std"
version = "0.14.0"
source = "toolchain"
checksum = "ac2d03559ab8cd3b607fc48a5f6c3e7185625c82421e7422abf7fa136771b033"
dependencies = [
    "core",
]
